
Microsoft Visual Studio Solution File, Format Version 12.00
# Visual Studio Version 17
VisualStudioVersion = 17.13.35825.156 d17.13
MinimumVisualStudioVersion = 10.0.40219.1
Project("{FAE04EC0-301F-11D3-BF4B-00C04F79EFBC}") = "ConsoleApp2", "ConsoleApp2.csproj", "{C48D9407-4891-4E25-B927-7380710A9FDB}"
EndProject
Global
	GlobalSection(SolutionConfigurationPlatforms) = preSolution
		Debug|Any CPU = Debug|Any CPU
		Release|Any CPU = Release|Any CPU
	EndGlobalSection
	GlobalSection(ProjectConfigurationPlatforms) = postSolution
		{C48D9407-4891-4E25-B927-7380710A9FDB}.Debug|Any CPU.ActiveCfg = Debug|Any CPU
		{C48D9407-4891-4E25-B927-7380710A9FDB}.Debug|Any CPU.Build.0 = Debug|Any CPU
		{C48D9407-4891-4E25-B927-7380710A9FDB}.Release|Any CPU.ActiveCfg = Release|Any CPU
		{C48D9407-4891-4E25-B927-7380710A9FDB}.Release|Any CPU.Build.0 = Release|Any CPU
	EndGlobalSection
	GlobalSection(SolutionProperties) = preSolution
		HideSolutionNode = FALSE
	EndGlobalSection
	GlobalSection(ExtensibilityGlobals) = postSolution
		SolutionGuid = {51719D81-B037-479C-8665-9D707D5DBDBB}
	EndGlobalSection
EndGlobal
